
Microsoft Visual Studio Solution File, Format Version 12.00
# Visual Studio 2012
Project("{FAE04EC0-301F-11D3-BF4B-00C04F79EFBC}") = "Guson.Registry", "Guson.Registry\Guson.Registry.csproj", "{350341CD-9939-4EA6-894D-80FC38BAFDA2}"
EndProject
Project("{2150E333-8FDC-42A3-9474-1A3956D46DE8}") = "Solution items", "Solution items", "{E514B0D0-E497-45A9-9854-CAF1DF898F9F}"
	ProjectSection(SolutionItems) = preProject
		AfterBuild.targets = AfterBuild.targets
		BeforeBuild.targets = BeforeBuild.targets
	EndProjectSection
EndProject
Global
	GlobalSection(SolutionConfigurationPlatforms) = preSolution
		Debug|Any CPU = Debug|Any CPU
		Release|Any CPU = Release|Any CPU
	EndGlobalSection
	GlobalSection(ProjectConfigurationPlatforms) = postSolution
		{350341CD-9939-4EA6-894D-80FC38BAFDA2}.Debug|Any CPU.ActiveCfg = Debug|Any CPU
		{350341CD-9939-4EA6-894D-80FC38BAFDA2}.Debug|Any CPU.Build.0 = Debug|Any CPU
		{350341CD-9939-4EA6-894D-80FC38BAFDA2}.Release|Any CPU.ActiveCfg = Release|Any CPU
		{350341CD-9939-4EA6-894D-80FC38BAFDA2}.Release|Any CPU.Build.0 = Release|Any CPU
	EndGlobalSection
	GlobalSection(SolutionProperties) = preSolution
		HideSolutionNode = FALSE
	EndGlobalSection
EndGlobal
